
Microsoft Visual Studio Solution File, Format Version 12.00
# Visual Studio for Mac
Project("{FAE04EC0-301F-11D3-BF4B-00C04F79EFBC}") = "VuforiaScripts", "VuforiaScripts.csproj", "{5607A4F8-FF39-AB18-0789-6E834D562C5B}"
EndProject
Project("{FAE04EC0-301F-11D3-BF4B-00C04F79EFBC}") = "VuforiaEditorScripts", "VuforiaEditorScripts.csproj", "{4D43ADE2-31D3-8589-FCB5-1DE32E7BCC51}"
EndProject
Global
	GlobalSection(SolutionConfigurationPlatforms) = preSolution
		Debug|Any CPU = Debug|Any CPU
		Release|Any CPU = Release|Any CPU
	EndGlobalSection
	GlobalSection(ProjectConfigurationPlatforms) = postSolution
		{5607A4F8-FF39-AB18-0789-6E834D562C5B}.Debug|Any CPU.ActiveCfg = Debug|Any CPU
		{5607A4F8-FF39-AB18-0789-6E834D562C5B}.Debug|Any CPU.Build.0 = Debug|Any CPU
		{5607A4F8-FF39-AB18-0789-6E834D562C5B}.Release|Any CPU.ActiveCfg = Release|Any CPU
		{5607A4F8-FF39-AB18-0789-6E834D562C5B}.Release|Any CPU.Build.0 = Release|Any CPU
		{4D43ADE2-31D3-8589-FCB5-1DE32E7BCC51}.Debug|Any CPU.ActiveCfg = Debug|Any CPU
		{4D43ADE2-31D3-8589-FCB5-1DE32E7BCC51}.Debug|Any CPU.Build.0 = Debug|Any CPU
		{4D43ADE2-31D3-8589-FCB5-1DE32E7BCC51}.Release|Any CPU.ActiveCfg = Release|Any CPU
		{4D43ADE2-31D3-8589-FCB5-1DE32E7BCC51}.Release|Any CPU.Build.0 = Release|Any CPU
	EndGlobalSection
	GlobalSection(SolutionProperties) = preSolution
		HideSolutionNode = FALSE
	EndGlobalSection
EndGlobal
